
Microsoft Visual Studio Solution File, Format Version 12.00
# Visual Studio 15
Project("{FAE04EC0-301F-11D3-BF4B-00C04F79EFBC}") = "UnityEngine.UI", "UnityEngine.UI.csproj", "{5BF4A338-7AC6-2DA4-1B64-81F5CFC82187}"
EndProject
Project("{FAE04EC0-301F-11D3-BF4B-00C04F79EFBC}") = "UnityEngine.TestRunner", "UnityEngine.TestRunner.csproj", "{E75F7112-A1AB-0607-84FC-03E2E75D1E3D}"
EndProject
Project("{FAE04EC0-301F-11D3-BF4B-00C04F79EFBC}") = "Unity.VisualScripting.Flow", "Unity.VisualScripting.Flow.csproj", "{DFEB51D5-001B-2CE2-83B0-075EED493015}"
EndProject
Project("{FAE04EC0-301F-11D3-BF4B-00C04F79EFBC}") = "Unity.VisualScripting.State", "Unity.VisualScripting.State.csproj", "{8BD2BC58-4A33-7656-CCEB-A6DF13BF9305}"
EndProject
Project("{FAE04EC0-301F-11D3-BF4B-00C04F79EFBC}") = "Unity.VisualScripting.Core", "Unity.VisualScripting.Core.csproj", "{5C78FE28-0178-199F-D4A1-F0592839BBA7}"
EndProject
Project("{FAE04EC0-301F-11D3-BF4B-00C04F79EFBC}") = "Assembly-CSharp", "Assembly-CSharp.csproj", "{DFA13C76-3378-B4CF-021F-13ECC1B3D8EF}"
EndProject
Project("{FAE04EC0-301F-11D3-BF4B-00C04F79EFBC}") = "Unity.TextMeshPro", "Unity.TextMeshPro.csproj", "{E786B032-1888-1934-BDE2-44BA2D8E9178}"
EndProject
Project("{FAE04EC0-301F-11D3-BF4B-00C04F79EFBC}") = "Unity.Timeline", "Unity.Timeline.csproj", "{7CD02DD3-0B29-C2C4-C3ED-DA4D684F41E1}"
EndProject
Project("{FAE04EC0-301F-11D3-BF4B-00C04F79EFBC}") = "Unity.PlasticSCM.Editor", "Unity.PlasticSCM.Editor.csproj", "{94C81E76-DB9E-8BCE-9729-AB7044B13F59}"
EndProject
Project("{FAE04EC0-301F-11D3-BF4B-00C04F79EFBC}") = "Unity.VisualScripting.Core.Editor", "Unity.VisualScripting.Core.Editor.csproj", "{D1D52400-C529-7702-46B7-87D0E97DF620}"
EndProject
Project("{FAE04EC0-301F-11D3-BF4B-00C04F79EFBC}") = "Unity.VisualScripting.Flow.Editor", "Unity.VisualScripting.Flow.Editor.csproj", "{33EE0FE1-1B65-7E3D-B3EB-19D86FE5A6AF}"
EndProject
Project("{FAE04EC0-301F-11D3-BF4B-00C04F79EFBC}") = "Unity.VisualStudio.Editor", "Unity.VisualStudio.Editor.csproj", "{C21C37AF-8D2B-56C3-2400-8D8A9A2E79B4}"
EndProject
Project("{FAE04EC0-301F-11D3-BF4B-00C04F79EFBC}") = "Unity.Timeline.Editor", "Unity.Timeline.Editor.csproj", "{CED26B3F-7A3E-E6BE-F98B-CF374BE10DA9}"
EndProject
Project("{FAE04EC0-301F-11D3-BF4B-00C04F79EFBC}") = "Unity.VisualScripting.State.Editor", "Unity.VisualScripting.State.Editor.csproj", "{6312AC2E-06EE-3388-3490-9D790819DC6A}"
EndProject
Project("{FAE04EC0-301F-11D3-BF4B-00C04F79EFBC}") = "Unity.TextMeshPro.Editor", "Unity.TextMeshPro.Editor.csproj", "{F67ABC67-9905-5198-9D78-F0D48ABA99DE}"
EndProject
Project("{FAE04EC0-301F-11D3-BF4B-00C04F79EFBC}") = "Unity.VisualScripting.SettingsProvider.Editor", "Unity.VisualScripting.SettingsProvider.Editor.csproj", "{3A9DF8AF-6108-28DE-0304-F9A3D62C4C69}"
EndProject
Project("{FAE04EC0-301F-11D3-BF4B-00C04F79EFBC}") = "UnityEditor.TestRunner", "UnityEditor.TestRunner.csproj", "{9A0BC7F1-C7D7-7394-AADC-03F459C7088C}"
EndProject
Project("{FAE04EC0-301F-11D3-BF4B-00C04F79EFBC}") = "Unity.TestTools.CodeCoverage.Editor", "Unity.TestTools.CodeCoverage.Editor.csproj", "{992D28EA-B363-3C5B-633A-5C1B17CED049}"
EndProject
Project("{FAE04EC0-301F-11D3-BF4B-00C04F79EFBC}") = "Unity.Rider.Editor", "Unity.Rider.Editor.csproj", "{DD55A100-4A65-661A-9FF9-5D1C0046090B}"
EndProject
Project("{FAE04EC0-301F-11D3-BF4B-00C04F79EFBC}") = "Unity.Performance.Profile-Analyzer.Editor", "Unity.Performance.Profile-Analyzer.Editor.csproj", "{6BFB27C8-DB64-D03C-F1B0-E48BE85A9268}"
EndProject
Project("{FAE04EC0-301F-11D3-BF4B-00C04F79EFBC}") = "Unity.VSCode.Editor", "Unity.VSCode.Editor.csproj", "{2DA1373C-5672-AC39-EAB7-FA2B2A2E8870}"
EndProject
Project("{FAE04EC0-301F-11D3-BF4B-00C04F79EFBC}") = "UnityEditor.UI", "UnityEditor.UI.csproj", "{8B9CB552-5F07-BD62-C19D-11C00E99F06C}"
EndProject
Project("{FAE04EC0-301F-11D3-BF4B-00C04F79EFBC}") = "Unity.TestTools.CodeCoverage.Editor.OpenCover.Model", "Unity.TestTools.CodeCoverage.Editor.OpenCover.Model.csproj", "{06F8B2BE-2E42-8603-38A2-A184FAF5FA11}"
EndProject
Project("{FAE04EC0-301F-11D3-BF4B-00C04F79EFBC}") = "Unity.EditorCoroutines.Editor", "Unity.EditorCoroutines.Editor.csproj", "{CDB30E90-9629-9A2E-C01F-5B70C9EBEE55}"
EndProject
Project("{FAE04EC0-301F-11D3-BF4B-00C04F79EFBC}") = "Unity.Settings.Editor", "Unity.Settings.Editor.csproj", "{1E2B85DE-A7C6-BCEB-1173-95BFA499315C}"
EndProject
Project("{FAE04EC0-301F-11D3-BF4B-00C04F79EFBC}") = "Unity.CollabProxy.Editor", "Unity.CollabProxy.Editor.csproj", "{D58B8C62-15DE-EFF2-F9EA-978C35B5B368}"
EndProject
Project("{FAE04EC0-301F-11D3-BF4B-00C04F79EFBC}") = "Unity.TestTools.CodeCoverage.Editor.OpenCover.Mono.Reflection", "Unity.TestTools.CodeCoverage.Editor.OpenCover.Mono.Reflection.csproj", "{86521BB5-9479-4BEF-8DC5-FBC02C5C96FD}"
EndProject
Project("{FAE04EC0-301F-11D3-BF4B-00C04F79EFBC}") = "Unity.VisualScripting.Shared.Editor", "Unity.VisualScripting.Shared.Editor.csproj", "{76E220E1-74CE-B826-3731-BFDE52105E1F}"
EndProject
Project("{FAE04EC0-301F-11D3-BF4B-00C04F79EFBC}") = "UnityEngine.UI", "UnityEngine.UI.Player.csproj", "{C2AC2695-5F81-BD7D-7CB7-7969A9620D6C}"
EndProject
Project("{FAE04EC0-301F-11D3-BF4B-00C04F79EFBC}") = "UnityEngine.TestRunner", "UnityEngine.TestRunner.Player.csproj", "{57FFF169-802A-1E86-BF3B-130877D1653E}"
EndProject
Project("{FAE04EC0-301F-11D3-BF4B-00C04F79EFBC}") = "Unity.VisualScripting.Flow", "Unity.VisualScripting.Flow.Player.csproj", "{2449A2CE-CB0A-5095-5549-F5573D09983B}"
EndProject
Project("{FAE04EC0-301F-11D3-BF4B-00C04F79EFBC}") = "Unity.VisualScripting.State", "Unity.VisualScripting.State.Player.csproj", "{2AC85067-F538-8C9B-52A9-0B061D94B4AC}"
EndProject
Project("{FAE04EC0-301F-11D3-BF4B-00C04F79EFBC}") = "Unity.VisualScripting.Core", "Unity.VisualScripting.Core.Player.csproj", "{0BCEB8BC-BA91-4131-A490-89A54B325A26}"
EndProject
Project("{FAE04EC0-301F-11D3-BF4B-00C04F79EFBC}") = "Assembly-CSharp", "Assembly-CSharp.Player.csproj", "{5370314B-FC45-7CF6-7B80-6B3D0BE0BB82}"
EndProject
Project("{FAE04EC0-301F-11D3-BF4B-00C04F79EFBC}") = "Unity.TextMeshPro", "Unity.TextMeshPro.Player.csproj", "{09BD5020-EC15-8E23-F193-3999ECCCB4A7}"
EndProject
Project("{FAE04EC0-301F-11D3-BF4B-00C04F79EFBC}") = "Unity.Timeline", "Unity.Timeline.Player.csproj", "{C8D16DDB-1B67-C50A-A385-C04D22FCBFF7}"
EndProject
Global
	GlobalSection(SolutionConfigurationPlatforms) = preSolution
		Debug|Any CPU = Debug|Any CPU
		Release|Any CPU = Release|Any CPU
	EndGlobalSection
	GlobalSection(ProjectConfigurationPlatforms) = postSolution
		{5BF4A338-7AC6-2DA4-1B64-81F5CFC82187}.Debug|Any CPU.ActiveCfg = Debug|Any CPU
		{5BF4A338-7AC6-2DA4-1B64-81F5CFC82187}.Debug|Any CPU.Build.0 = Debug|Any CPU
		{5BF4A338-7AC6-2DA4-1B64-81F5CFC82187}.Release|Any CPU.ActiveCfg = Release|Any CPU
		{5BF4A338-7AC6-2DA4-1B64-81F5CFC82187}.Release|Any CPU.Build.0 = Release|Any CPU
		{E75F7112-A1AB-0607-84FC-03E2E75D1E3D}.Debug|Any CPU.ActiveCfg = Debug|Any CPU
		{E75F7112-A1AB-0607-84FC-03E2E75D1E3D}.Debug|Any CPU.Build.0 = Debug|Any CPU
		{E75F7112-A1AB-0607-84FC-03E2E75D1E3D}.Release|Any CPU.ActiveCfg = Release|Any CPU
		{E75F7112-A1AB-0607-84FC-03E2E75D1E3D}.Release|Any CPU.Build.0 = Release|Any CPU
		{DFEB51D5-001B-2CE2-83B0-075EED493015}.Debug|Any CPU.ActiveCfg = Debug|Any CPU
		{DFEB51D5-001B-2CE2-83B0-075EED493015}.Debug|Any CPU.Build.0 = Debug|Any CPU
		{DFEB51D5-001B-2CE2-83B0-075EED493015}.Release|Any CPU.ActiveCfg = Release|Any CPU
		{DFEB51D5-001B-2CE2-83B0-075EED493015}.Release|Any CPU.Build.0 = Release|Any CPU
		{8BD2BC58-4A33-7656-CCEB-A6DF13BF9305}.Debug|Any CPU.ActiveCfg = Debug|Any CPU
		{8BD2BC58-4A33-7656-CCEB-A6DF13BF9305}.Debug|Any CPU.Build.0 = Debug|Any CPU
		{8BD2BC58-4A33-7656-CCEB-A6DF13BF9305}.Release|Any CPU.ActiveCfg = Release|Any CPU
		{8BD2BC58-4A33-7656-CCEB-A6DF13BF9305}.Release|Any CPU.Build.0 = Release|Any CPU
		{5C78FE28-0178-199F-D4A1-F0592839BBA7}.Debug|Any CPU.ActiveCfg = Debug|Any CPU
		{5C78FE28-0178-199F-D4A1-F0592839BBA7}.Debug|Any CPU.Build.0 = Debug|Any CPU
		{5C78FE28-0178-199F-D4A1-F0592839BBA7}.Release|Any CPU.ActiveCfg = Release|Any CPU
		{5C78FE28-0178-199F-D4A1-F0592839BBA7}.Release|Any CPU.Build.0 = Release|Any CPU
		{DFA13C76-3378-B4CF-021F-13ECC1B3D8EF}.Debug|Any CPU.ActiveCfg = Debug|Any CPU
		{DFA13C76-3378-B4CF-021F-13ECC1B3D8EF}.Debug|Any CPU.Build.0 = Debug|Any CPU
		{DFA13C76-3378-B4CF-021F-13ECC1B3D8EF}.Release|Any CPU.ActiveCfg = Release|Any CPU
		{DFA13C76-3378-B4CF-021F-13ECC1B3D8EF}.Release|Any CPU.Build.0 = Release|Any CPU
		{E786B032-1888-1934-BDE2-44BA2D8E9178}.Debug|Any CPU.ActiveCfg = Debug|Any CPU
		{E786B032-1888-1934-BDE2-44BA2D8E9178}.Debug|Any CPU.Build.0 = Debug|Any CPU
		{E786B032-1888-1934-BDE2-44BA2D8E9178}.Release|Any CPU.ActiveCfg = Release|Any CPU
		{E786B032-1888-1934-BDE2-44BA2D8E9178}.Release|Any CPU.Build.0 = Release|Any CPU
		{7CD02DD3-0B29-C2C4-C3ED-DA4D684F41E1}.Debug|Any CPU.ActiveCfg = Debug|Any CPU
		{7CD02DD3-0B29-C2C4-C3ED-DA4D684F41E1}.Debug|Any CPU.Build.0 = Debug|Any CPU
		{7CD02DD3-0B29-C2C4-C3ED-DA4D684F41E1}.Release|Any CPU.ActiveCfg = Release|Any CPU
		{7CD02DD3-0B29-C2C4-C3ED-DA4D684F41E1}.Release|Any CPU.Build.0 = Release|Any CPU
		{94C81E76-DB9E-8BCE-9729-AB7044B13F59}.Debug|Any CPU.ActiveCfg = Debug|Any CPU
		{94C81E76-DB9E-8BCE-9729-AB7044B13F59}.Debug|Any CPU.Build.0 = Debug|Any CPU
		{94C81E76-DB9E-8BCE-9729-AB7044B13F59}.Release|Any CPU.ActiveCfg = Release|Any CPU
		{94C81E76-DB9E-8BCE-9729-AB7044B13F59}.Release|Any CPU.Build.0 = Release|Any CPU
		{D1D52400-C529-7702-46B7-87D0E97DF620}.Debug|Any CPU.ActiveCfg = Debug|Any CPU
		{D1D52400-C529-7702-46B7-87D0E97DF620}.Debug|Any CPU.Build.0 = Debug|Any CPU
		{D1D52400-C529-7702-46B7-87D0E97DF620}.Release|Any CPU.ActiveCfg = Release|Any CPU
		{D1D52400-C529-7702-46B7-87D0E97DF620}.Release|Any CPU.Build.0 = Release|Any CPU
		{33EE0FE1-1B65-7E3D-B3EB-19D86FE5A6AF}.Debug|Any CPU.ActiveCfg = Debug|Any CPU
		{33EE0FE1-1B65-7E3D-B3EB-19D86FE5A6AF}.Debug|Any CPU.Build.0 = Debug|Any CPU
		{33EE0FE1-1B65-7E3D-B3EB-19D86FE5A6AF}.Release|Any CPU.ActiveCfg = Release|Any CPU
		{33EE0FE1-1B65-7E3D-B3EB-19D86FE5A6AF}.Release|Any CPU.Build.0 = Release|Any CPU
		{C21C37AF-8D2B-56C3-2400-8D8A9A2E79B4}.Debug|Any CPU.ActiveCfg = Debug|Any CPU
		{C21C37AF-8D2B-56C3-2400-8D8A9A2E79B4}.Debug|Any CPU.Build.0 = Debug|Any CPU
		{C21C37AF-8D2B-56C3-2400-8D8A9A2E79B4}.Release|Any CPU.ActiveCfg = Release|Any CPU
		{C21C37AF-8D2B-56C3-2400-8D8A9A2E79B4}.Release|Any CPU.Build.0 = Release|Any CPU
		{CED26B3F-7A3E-E6BE-F98B-CF374BE10DA9}.Debug|Any CPU.ActiveCfg = Debug|Any CPU
		{CED26B3F-7A3E-E6BE-F98B-CF374BE10DA9}.Debug|Any CPU.Build.0 = Debug|Any CPU
		{CED26B3F-7A3E-E6BE-F98B-CF374BE10DA9}.Release|Any CPU.ActiveCfg = Release|Any CPU
		{CED26B3F-7A3E-E6BE-F98B-CF374BE10DA9}.Release|Any CPU.Build.0 = Release|Any CPU
		{6312AC2E-06EE-3388-3490-9D790819DC6A}.Debug|Any CPU.ActiveCfg = Debug|Any CPU
		{6312AC2E-06EE-3388-3490-9D790819DC6A}.Debug|Any CPU.Build.0 = Debug|Any CPU
		{6312AC2E-06EE-3388-3490-9D790819DC6A}.Release|Any CPU.ActiveCfg = Release|Any CPU
		{6312AC2E-06EE-3388-3490-9D790819DC6A}.Release|Any CPU.Build.0 = Release|Any CPU
		{F67ABC67-9905-5198-9D78-F0D48ABA99DE}.Debug|Any CPU.ActiveCfg = Debug|Any CPU
		{F67ABC67-9905-5198-9D78-F0D48ABA99DE}.Debug|Any CPU.Build.0 = Debug|Any CPU
		{F67ABC67-9905-5198-9D78-F0D48ABA99DE}.Release|Any CPU.ActiveCfg = Release|Any CPU
		{F67ABC67-9905-5198-9D78-F0D48ABA99DE}.Release|Any CPU.Build.0 = Release|Any CPU
		{3A9DF8AF-6108-28DE-0304-F9A3D62C4C69}.Debug|Any CPU.ActiveCfg = Debug|Any CPU
		{3A9DF8AF-6108-28DE-0304-F9A3D62C4C69}.Debug|Any CPU.Build.0 = Debug|Any CPU
		{3A9DF8AF-6108-28DE-0304-F9A3D62C4C69}.Release|Any CPU.ActiveCfg = Release|Any CPU
		{3A9DF8AF-6108-28DE-0304-F9A3D62C4C69}.Release|Any CPU.Build.0 = Release|Any CPU
		{9A0BC7F1-C7D7-7394-AADC-03F459C7088C}.Debug|Any CPU.ActiveCfg = Debug|Any CPU
		{9A0BC7F1-C7D7-7394-AADC-03F459C7088C}.Debug|Any CPU.Build.0 = Debug|Any CPU
		{9A0BC7F1-C7D7-7394-AADC-03F459C7088C}.Release|Any CPU.ActiveCfg = Release|Any CPU
		{9A0BC7F1-C7D7-7394-AADC-03F459C7088C}.Release|Any CPU.Build.0 = Release|Any CPU
		{992D28EA-B363-3C5B-633A-5C1B17CED049}.Debug|Any CPU.ActiveCfg = Debug|Any CPU
		{992D28EA-B363-3C5B-633A-5C1B17CED049}.Debug|Any CPU.Build.0 = Debug|Any CPU
		{992D28EA-B363-3C5B-633A-5C1B17CED049}.Release|Any CPU.ActiveCfg = Release|Any CPU
		{992D28EA-B363-3C5B-633A-5C1B17CED049}.Release|Any CPU.Build.0 = Release|Any CPU
		{DD55A100-4A65-661A-9FF9-5D1C0046090B}.Debug|Any CPU.ActiveCfg = Debug|Any CPU
		{DD55A100-4A65-661A-9FF9-5D1C0046090B}.Debug|Any CPU.Build.0 = Debug|Any CPU
		{DD55A100-4A65-661A-9FF9-5D1C0046090B}.Release|Any CPU.ActiveCfg = Release|Any CPU
		{DD55A100-4A65-661A-9FF9-5D1C0046090B}.Release|Any CPU.Build.0 = Release|Any CPU
		{6BFB27C8-DB64-D03C-F1B0-E48BE85A9268}.Debug|Any CPU.ActiveCfg = Debug|Any CPU
		{6BFB27C8-DB64-D03C-F1B0-E48BE85A9268}.Debug|Any CPU.Build.0 = Debug|Any CPU
		{6BFB27C8-DB64-D03C-F1B0-E48BE85A9268}.Release|Any CPU.ActiveCfg = Release|Any CPU
		{6BFB27C8-DB64-D03C-F1B0-E48BE85A9268}.Release|Any CPU.Build.0 = Release|Any CPU
		{2DA1373C-5672-AC39-EAB7-FA2B2A2E8870}.Debug|Any CPU.ActiveCfg = Debug|Any CPU
		{2DA1373C-5672-AC39-EAB7-FA2B2A2E8870}.Debug|Any CPU.Build.0 = Debug|Any CPU
		{2DA1373C-5672-AC39-EAB7-FA2B2A2E8870}.Release|Any CPU.ActiveCfg = Release|Any CPU
		{2DA1373C-5672-AC39-EAB7-FA2B2A2E8870}.Release|Any CPU.Build.0 = Release|Any CPU
		{8B9CB552-5F07-BD62-C19D-11C00E99F06C}.Debug|Any CPU.ActiveCfg = Debug|Any CPU
		{8B9CB552-5F07-BD62-C19D-11C00E99F06C}.Debug|Any CPU.Build.0 = Debug|Any CPU
		{8B9CB552-5F07-BD62-C19D-11C00E99F06C}.Release|Any CPU.ActiveCfg = Release|Any CPU
		{8B9CB552-5F07-BD62-C19D-11C00E99F06C}.Release|Any CPU.Build.0 = Release|Any CPU
		{06F8B2BE-2E42-8603-38A2-A184FAF5FA11}.Debug|Any CPU.ActiveCfg = Debug|Any CPU
		{06F8B2BE-2E42-8603-38A2-A184FAF5FA11}.Debug|Any CPU.Build.0 = Debug|Any CPU
		{06F8B2BE-2E42-8603-38A2-A184FAF5FA11}.Release|Any CPU.ActiveCfg = Release|Any CPU
		{06F8B2BE-2E42-8603-38A2-A184FAF5FA11}.Release|Any CPU.Build.0 = Release|Any CPU
		{CDB30E90-9629-9A2E-C01F-5B70C9EBEE55}.Debug|Any CPU.ActiveCfg = Debug|Any CPU
		{CDB30E90-9629-9A2E-C01F-5B70C9EBEE55}.Debug|Any CPU.Build.0 = Debug|Any CPU
		{CDB30E90-9629-9A2E-C01F-5B70C9EBEE55}.Release|Any CPU.ActiveCfg = Release|Any CPU
		{CDB30E90-9629-9A2E-C01F-5B70C9EBEE55}.Release|Any CPU.Build.0 = Release|Any CPU
		{1E2B85DE-A7C6-BCEB-1173-95BFA499315C}.Debug|Any CPU.ActiveCfg = Debug|Any CPU
		{1E2B85DE-A7C6-BCEB-1173-95BFA499315C}.Debug|Any CPU.Build.0 = Debug|Any CPU
		{1E2B85DE-A7C6-BCEB-1173-95BFA499315C}.Release|Any CPU.ActiveCfg = Release|Any CPU
		{1E2B85DE-A7C6-BCEB-1173-95BFA499315C}.Release|Any CPU.Build.0 = Release|Any CPU
		{D58B8C62-15DE-EFF2-F9EA-978C35B5B368}.Debug|Any CPU.ActiveCfg = Debug|Any CPU
		{D58B8C62-15DE-EFF2-F9EA-978C35B5B368}.Debug|Any CPU.Build.0 = Debug|Any CPU
		{D58B8C62-15DE-EFF2-F9EA-978C35B5B368}.Release|Any CPU.ActiveCfg = Release|Any CPU
		{D58B8C62-15DE-EFF2-F9EA-978C35B5B368}.Release|Any CPU.Build.0 = Release|Any CPU
		{86521BB5-9479-4BEF-8DC5-FBC02C5C96FD}.Debug|Any CPU.ActiveCfg = Debug|Any CPU
		{86521BB5-9479-4BEF-8DC5-FBC02C5C96FD}.Debug|Any CPU.Build.0 = Debug|Any CPU
		{86521BB5-9479-4BEF-8DC5-FBC02C5C96FD}.Release|Any CPU.ActiveCfg = Release|Any CPU
		{86521BB5-9479-4BEF-8DC5-FBC02C5C96FD}.Release|Any CPU.Build.0 = Release|Any CPU
		{76E220E1-74CE-B826-3731-BFDE52105E1F}.Debug|Any CPU.ActiveCfg = Debug|Any CPU
		{76E220E1-74CE-B826-3731-BFDE52105E1F}.Debug|Any CPU.Build.0 = Debug|Any CPU
		{76E220E1-74CE-B826-3731-BFDE52105E1F}.Release|Any CPU.ActiveCfg = Release|Any CPU
		{76E220E1-74CE-B826-3731-BFDE52105E1F}.Release|Any CPU.Build.0 = Release|Any CPU
		{C2AC2695-5F81-BD7D-7CB7-7969A9620D6C}.Debug|Any CPU.ActiveCfg = Debug|Any CPU
		{C2AC2695-5F81-BD7D-7CB7-7969A9620D6C}.Debug|Any CPU.Build.0 = Debug|Any CPU
		{C2AC2695-5F81-BD7D-7CB7-7969A9620D6C}.Release|Any CPU.ActiveCfg = Release|Any CPU
		{C2AC2695-5F81-BD7D-7CB7-7969A9620D6C}.Release|Any CPU.Build.0 = Release|Any CPU
		{57FFF169-802A-1E86-BF3B-130877D1653E}.Debug|Any CPU.ActiveCfg = Debug|Any CPU
		{57FFF169-802A-1E86-BF3B-130877D1653E}.Debug|Any CPU.Build.0 = Debug|Any CPU
		{57FFF169-802A-1E86-BF3B-130877D1653E}.Release|Any CPU.ActiveCfg = Release|Any CPU
		{57FFF169-802A-1E86-BF3B-130877D1653E}.Release|Any CPU.Build.0 = Release|Any CPU
		{2449A2CE-CB0A-5095-5549-F5573D09983B}.Debug|Any CPU.ActiveCfg = Debug|Any CPU
		{2449A2CE-CB0A-5095-5549-F5573D09983B}.Debug|Any CPU.Build.0 = Debug|Any CPU
		{2449A2CE-CB0A-5095-5549-F5573D09983B}.Release|Any CPU.ActiveCfg = Release|Any CPU
		{2449A2CE-CB0A-5095-5549-F5573D09983B}.Release|Any CPU.Build.0 = Release|Any CPU
		{2AC85067-F538-8C9B-52A9-0B061D94B4AC}.Debug|Any CPU.ActiveCfg = Debug|Any CPU
		{2AC85067-F538-8C9B-52A9-0B061D94B4AC}.Debug|Any CPU.Build.0 = Debug|Any CPU
		{2AC85067-F538-8C9B-52A9-0B061D94B4AC}.Release|Any CPU.ActiveCfg = Release|Any CPU
		{2AC85067-F538-8C9B-52A9-0B061D94B4AC}.Release|Any CPU.Build.0 = Release|Any CPU
		{0BCEB8BC-BA91-4131-A490-89A54B325A26}.Debug|Any CPU.ActiveCfg = Debug|Any CPU
		{0BCEB8BC-BA91-4131-A490-89A54B325A26}.Debug|Any CPU.Build.0 = Debug|Any CPU
		{0BCEB8BC-BA91-4131-A490-89A54B325A26}.Release|Any CPU.ActiveCfg = Release|Any CPU
		{0BCEB8BC-BA91-4131-A490-89A54B325A26}.Release|Any CPU.Build.0 = Release|Any CPU
		{5370314B-FC45-7CF6-7B80-6B3D0BE0BB82}.Debug|Any CPU.ActiveCfg = Debug|Any CPU
		{5370314B-FC45-7CF6-7B80-6B3D0BE0BB82}.Debug|Any CPU.Build.0 = Debug|Any CPU
		{5370314B-FC45-7CF6-7B80-6B3D0BE0BB82}.Release|Any CPU.ActiveCfg = Release|Any CPU
		{5370314B-FC45-7CF6-7B80-6B3D0BE0BB82}.Release|Any CPU.Build.0 = Release|Any CPU
		{09BD5020-EC15-8E23-F193-3999ECCCB4A7}.Debug|Any CPU.ActiveCfg = Debug|Any CPU
		{09BD5020-EC15-8E23-F193-3999ECCCB4A7}.Debug|Any CPU.Build.0 = Debug|Any CPU
		{09BD5020-EC15-8E23-F193-3999ECCCB4A7}.Release|Any CPU.ActiveCfg = Release|Any CPU
		{09BD5020-EC15-8E23-F193-3999ECCCB4A7}.Release|Any CPU.Build.0 = Release|Any CPU
		{C8D16DDB-1B67-C50A-A385-C04D22FCBFF7}.Debug|Any CPU.ActiveCfg = Debug|Any CPU
		{C8D16DDB-1B67-C50A-A385-C04D22FCBFF7}.Debug|Any CPU.Build.0 = Debug|Any CPU
		{C8D16DDB-1B67-C50A-A385-C04D22FCBFF7}.Release|Any CPU.ActiveCfg = Release|Any CPU
		{C8D16DDB-1B67-C50A-A385-C04D22FCBFF7}.Release|Any CPU.Build.0 = Release|Any CPU
	EndGlobalSection
	GlobalSection(SolutionProperties) = preSolution
		HideSolutionNode = FALSE
	EndGlobalSection
EndGlobal
